// !$*UTF8*$!
{
	archiveVersion = 1;
	classes = {
	};
	objectVersion = 46;
	objects = {

/* Begin PBXBuildFile section */
		F427EB261E9569CF0014E3C5 /* AppDelegate.swift in Sources */ = {isa = PBXBuildFile; fileRef = F427EB251E9569CF0014E3C5 /* AppDelegate.swift */; };
		F427EB281E9569CF0014E3C5 /* MainViewController.swift in Sources */ = {isa = PBXBuildFile; fileRef = F427EB271E9569CF0014E3C5 /* MainViewController.swift */; };
		F427EB2B1E9569CF0014E3C5 /* Main.storyboard in Resources */ = {isa = PBXBuildFile; fileRef = F427EB291E9569CF0014E3C5 /* Main.storyboard */; };
		F427EB2E1E9569CF0014E3C5 /* DreamLister.xcdatamodeld in Sources */ = {isa = PBXBuildFile; fileRef = F427EB2C1E9569CF0014E3C5 /* DreamLister.xcdatamodeld */; };
		F427EB301E9569CF0014E3C5 /* Assets.xcassets in Resources */ = {isa = PBXBuildFile; fileRef = F427EB2F1E9569CF0014E3C5 /* Assets.xcassets */; };
		F427EB331E9569CF0014E3C5 /* LaunchScreen.storyboard in Resources */ = {isa = PBXBuildFile; fileRef = F427EB311E9569CF0014E3C5 /* LaunchScreen.storyboard */; };
		F427EB3E1E9569CF0014E3C5 /* DreamListerTests.swift in Sources */ = {isa = PBXBuildFile; fileRef = F427EB3D1E9569CF0014E3C5 /* DreamListerTests.swift */; };
		F427EB491E9569CF0014E3C5 /* DreamListerUITests.swift in Sources */ = {isa = PBXBuildFile; fileRef = F427EB481E9569CF0014E3C5 /* DreamListerUITests.swift */; };
		F427EB711E958CAD0014E3C5 /* Store+CoreDataClass.swift in Sources */ = {isa = PBXBuildFile; fileRef = F427EB691E958CAD0014E3C5 /* Store+CoreDataClass.swift */; };
		F427EB721E958CAD0014E3C5 /* Store+CoreDataProperties.swift in Sources */ = {isa = PBXBuildFile; fileRef = F427EB6A1E958CAD0014E3C5 /* Store+CoreDataProperties.swift */; };
		F427EB731E958CAD0014E3C5 /* Item+CoreDataClass.swift in Sources */ = {isa = PBXBuildFile; fileRef = F427EB6B1E958CAD0014E3C5 /* Item+CoreDataClass.swift */; };
		F427EB741E958CAD0014E3C5 /* Item+CoreDataProperties.swift in Sources */ = {isa = PBXBuildFile; fileRef = F427EB6C1E958CAD0014E3C5 /* Item+CoreDataProperties.swift */; };
		F427EB751E958CAD0014E3C5 /* Image+CoreDataClass.swift in Sources */ = {isa = PBXBuildFile; fileRef = F427EB6D1E958CAD0014E3C5 /* Image+CoreDataClass.swift */; };
		F427EB761E958CAD0014E3C5 /* Image+CoreDataProperties.swift in Sources */ = {isa = PBXBuildFile; fileRef = F427EB6E1E958CAD0014E3C5 /* Image+CoreDataProperties.swift */; };
		F427EB771E958CAD0014E3C5 /* ItemType+CoreDataClass.swift in Sources */ = {isa = PBXBuildFile; fileRef = F427EB6F1E958CAD0014E3C5 /* ItemType+CoreDataClass.swift */; };
		F427EB781E958CAD0014E3C5 /* ItemType+CoreDataProperties.swift in Sources */ = {isa = PBXBuildFile; fileRef = F427EB701E958CAD0014E3C5 /* ItemType+CoreDataProperties.swift */; };
		F47C300E1E96B05F00E6D7D2 /* MaterialView.swift in Sources */ = {isa = PBXBuildFile; fileRef = F47C300D1E96B05F00E6D7D2 /* MaterialView.swift */; };
		F47C30101E96B83600E6D7D2 /* ItemCell.swift in Sources */ = {isa = PBXBuildFile; fileRef = F47C300F1E96B83600E6D7D2 /* ItemCell.swift */; };
		F4A0DF571E98119400B32BEF /* ItemDetailsViewController.swift in Sources */ = {isa = PBXBuildFile; fileRef = F4A0DF561E98119400B32BEF /* ItemDetailsViewController.swift */; };
		F4A0DF591E98164B00B32BEF /* CustomTextField.swift in Sources */ = {isa = PBXBuildFile; fileRef = F4A0DF581E98164B00B32BEF /* CustomTextField.swift */; };
/* End PBXBuildFile section */

/* Begin PBXContainerItemProxy section */
		F427EB3A1E9569CF0014E3C5 /* PBXContainerItemProxy */ = {
			isa = PBXContainerItemProxy;
			containerPortal = F427EB1A1E9569CF0014E3C5 /* Project object */;
			proxyType = 1;
			remoteGlobalIDString = F427EB211E9569CF0014E3C5;
			remoteInfo = DreamLister;
		};
		F427EB451E9569CF0014E3C5 /* PBXContainerItemProxy */ = {
			isa = PBXContainerItemProxy;
			containerPortal = F427EB1A1E9569CF0014E3C5 /* Project object */;
			proxyType = 1;
			remoteGlobalIDString = F427EB211E9569CF0014E3C5;
			remoteInfo = DreamLister;
		};
/* End PBXContainerItemProxy section */

/* Begin PBXFileReference section */
		F427EB221E9569CF0014E3C5 /* DreamLister.app */ = {isa = PBXFileReference; explicitFileType = wrapper.application; includeInIndex = 0; path = DreamLister.app; sourceTree = BUILT_PRODUCTS_DIR; };
		F427EB251E9569CF0014E3C5 /* AppDelegate.swift */ = {isa = PBXFileReference; lastKnownFileType = sourcecode.swift; path = AppDelegate.swift; sourceTree = "<group>"; };
		F427EB271E9569CF0014E3C5 /* MainViewController.swift */ = {isa = PBXFileReference; lastKnownFileType = sourcecode.swift; path = MainViewController.swift; sourceTree = "<group>"; };
		F427EB2A1E9569CF0014E3C5 /* Base */ = {isa = PBXFileReference; lastKnownFileType = file.storyboard; name = Base; path = Base.lproj/Main.storyboard; sourceTree = "<group>"; };
		F427EB2D1E9569CF0014E3C5 /* DreamLister.xcdatamodel */ = {isa = PBXFileReference; lastKnownFileType = wrapper.xcdatamodel; path = DreamLister.xcdatamodel; sourceTree = "<group>"; };
		F427EB2F1E9569CF0014E3C5 /* Assets.xcassets */ = {isa = PBXFileReference; lastKnownFileType = folder.assetcatalog; path = Assets.xcassets; sourceTree = "<group>"; };
		F427EB321E9569CF0014E3C5 /* Base */ = {isa = PBXFileReference; lastKnownFileType = file.storyboard; name = Base; path = Base.lproj/LaunchScreen.storyboard; sourceTree = "<group>"; };
		F427EB341E9569CF0014E3C5 /* Info.plist */ = {isa = PBXFileReference; lastKnownFileType = text.plist.xml; path = Info.plist; sourceTree = "<group>"; };
		F427EB391E9569CF0014E3C5 /* DreamListerTests.xctest */ = {isa = PBXFileReference; explicitFileType = wrapper.cfbundle; includeInIndex = 0; path = DreamListerTests.xctest; sourceTree = BUILT_PRODUCTS_DIR; };
		F427EB3D1E9569CF0014E3C5 /* DreamListerTests.swift */ = {isa = PBXFileReference; lastKnownFileType = sourcecode.swift; path = DreamListerTests.swift; sourceTree = "<group>"; };
		F427EB3F1E9569CF0014E3C5 /* Info.plist */ = {isa = PBXFileReference; lastKnownFileType = text.plist.xml; path = Info.plist; sourceTree = "<group>"; };
		F427EB441E9569CF0014E3C5 /* DreamListerUITests.xctest */ = {isa = PBXFileReference; explicitFileType = wrapper.cfbundle; includeInIndex = 0; path = DreamListerUITests.xctest; sourceTree = BUILT_PRODUCTS_DIR; };
		F427EB481E9569CF0014E3C5 /* DreamListerUITests.swift */ = {isa = PBXFileReference; lastKnownFileType = sourcecode.swift; path = DreamListerUITests.swift; sourceTree = "<group>"; };
		F427EB4A1E9569CF0014E3C5 /* Info.plist */ = {isa = PBXFileReference; lastKnownFileType = text.plist.xml; path = Info.plist; sourceTree = "<group>"; };
		F427EB691E958CAD0014E3C5 /* Store+CoreDataClass.swift */ = {isa = PBXFileReference; fileEncoding = 4; lastKnownFileType = sourcecode.swift; path = "Store+CoreDataClass.swift"; sourceTree = "<group>"; };
		F427EB6A1E958CAD0014E3C5 /* Store+CoreDataProperties.swift */ = {isa = PBXFileReference; fileEncoding = 4; lastKnownFileType = sourcecode.swift; path = "Store+CoreDataProperties.swift"; sourceTree = "<group>"; };
		F427EB6B1E958CAD0014E3C5 /* Item+CoreDataClass.swift */ = {isa = PBXFileReference; fileEncoding = 4; lastKnownFileType = sourcecode.swift; path = "Item+CoreDataClass.swift"; sourceTree = "<group>"; };
		F427EB6C1E958CAD0014E3C5 /* Item+CoreDataProperties.swift */ = {isa = PBXFileReference; fileEncoding = 4; lastKnownFileType = sourcecode.swift; path = "Item+CoreDataProperties.swift"; sourceTree = "<group>"; };
		F427EB6D1E958CAD0014E3C5 /* Image+CoreDataClass.swift */ = {isa = PBXFileReference; fileEncoding = 4; lastKnownFileType = sourcecode.swift; path = "Image+CoreDataClass.swift"; sourceTree = "<group>"; };
		F427EB6E1E958CAD0014E3C5 /* Image+CoreDataProperties.swift */ = {isa = PBXFileReference; fileEncoding = 4; lastKnownFileType = sourcecode.swift; path = "Image+CoreDataProperties.swift"; sourceTree = "<group>"; };
		F427EB6F1E958CAD0014E3C5 /* ItemType+CoreDataClass.swift */ = {isa = PBXFileReference; fileEncoding = 4; lastKnownFileType = sourcecode.swift; path = "ItemType+CoreDataClass.swift"; sourceTree = "<group>"; };
		F427EB701E958CAD0014E3C5 /* ItemType+CoreDataProperties.swift */ = {isa = PBXFileReference; fileEncoding = 4; lastKnownFileType = sourcecode.swift; path = "ItemType+CoreDataProperties.swift"; sourceTree = "<group>"; };
		F47C300D1E96B05F00E6D7D2 /* MaterialView.swift */ = {isa = PBXFileReference; fileEncoding = 4; lastKnownFileType = sourcecode.swift; path = MaterialView.swift; sourceTree = "<group>"; };
		F47C300F1E96B83600E6D7D2 /* ItemCell.swift */ = {isa = PBXFileReference; fileEncoding = 4; lastKnownFileType = sourcecode.swift; path = ItemCell.swift; sourceTree = "<group>"; };
		F4A0DF561E98119400B32BEF /* ItemDetailsViewController.swift */ = {isa = PBXFileReference; fileEncoding = 4; lastKnownFileType = sourcecode.swift; path = ItemDetailsViewController.swift; sourceTree = "<group>"; };
		F4A0DF581E98164B00B32BEF /* CustomTextField.swift */ = {isa = PBXFileReference; fileEncoding = 4; lastKnownFileType = sourcecode.swift; path = CustomTextField.swift; sourceTree = "<group>"; };
/* End PBXFileReference section */

/* Begin PBXFrameworksBuildPhase section */
		F427EB1F1E9569CF0014E3C5 /* Frameworks */ = {
			isa = PBXFrameworksBuildPhase;
			buildActionMask = 2147483647;
			files = (
			);
			runOnlyForDeploymentPostprocessing = 0;
		};
		F427EB361E9569CF0014E3C5 /* Frameworks */ = {
			isa = PBXFrameworksBuildPhase;
			buildActionMask = 2147483647;
			files = (
			);
			runOnlyForDeploymentPostprocessing = 0;
		};
		F427EB411E9569CF0014E3C5 /* Frameworks */ = {
			isa = PBXFrameworksBuildPhase;
			buildActionMask = 2147483647;
			files = (
			);
			runOnlyForDeploymentPostprocessing = 0;
		};
/* End PBXFrameworksBuildPhase section */

/* Begin PBXGroup section */
		F427EB191E9569CF0014E3C5 = {
			isa = PBXGroup;
			children = (
				F427EB241E9569CF0014E3C5 /* DreamLister */,
				F427EB3C1E9569CF0014E3C5 /* DreamListerTests */,
				F427EB471E9569CF0014E3C5 /* DreamListerUITests */,
				F427EB231E9569CF0014E3C5 /* Products */,
			);
			sourceTree = "<group>";
		};
		F427EB231E9569CF0014E3C5 /* Products */ = {
			isa = PBXGroup;
			children = (
				F427EB221E9569CF0014E3C5 /* DreamLister.app */,
				F427EB391E9569CF0014E3C5 /* DreamListerTests.xctest */,
				F427EB441E9569CF0014E3C5 /* DreamListerUITests.xctest */,
			);
			name = Products;
			sourceTree = "<group>";
		};
		F427EB241E9569CF0014E3C5 /* DreamLister */ = {
			isa = PBXGroup;
			children = (
				F47C300C1E96B02900E6D7D2 /* View */,
				F427EB661E95749C0014E3C5 /* Model */,
				F427EB251E9569CF0014E3C5 /* AppDelegate.swift */,
				F4A0DF551E98116200B32BEF /* Controller */,
				F427EB291E9569CF0014E3C5 /* Main.storyboard */,
				F427EB2F1E9569CF0014E3C5 /* Assets.xcassets */,
				F427EB311E9569CF0014E3C5 /* LaunchScreen.storyboard */,
				F427EB341E9569CF0014E3C5 /* Info.plist */,
				F427EB2C1E9569CF0014E3C5 /* DreamLister.xcdatamodeld */,
			);
			path = DreamLister;
			sourceTree = "<group>";
		};
		F427EB3C1E9569CF0014E3C5 /* DreamListerTests */ = {
			isa = PBXGroup;
			children = (
				F427EB3D1E9569CF0014E3C5 /* DreamListerTests.swift */,
				F427EB3F1E9569CF0014E3C5 /* Info.plist */,
			);
			path = DreamListerTests;
			sourceTree = "<group>";
		};
		F427EB471E9569CF0014E3C5 /* DreamListerUITests */ = {
			isa = PBXGroup;
			children = (
				F427EB481E9569CF0014E3C5 /* DreamListerUITests.swift */,
				F427EB4A1E9569CF0014E3C5 /* Info.plist */,
			);
			path = DreamListerUITests;
			sourceTree = "<group>";
		};
		F427EB661E95749C0014E3C5 /* Model */ = {
			isa = PBXGroup;
			children = (
				F427EB691E958CAD0014E3C5 /* Store+CoreDataClass.swift */,
				F427EB6B1E958CAD0014E3C5 /* Item+CoreDataClass.swift */,
				F427EB6D1E958CAD0014E3C5 /* Image+CoreDataClass.swift */,
				F427EB6F1E958CAD0014E3C5 /* ItemType+CoreDataClass.swift */,
				F427EB681E9574D20014E3C5 /* Generated_dontTouch */,
			);
			name = Model;
			sourceTree = "<group>";
		};
		F427EB681E9574D20014E3C5 /* Generated_dontTouch */ = {
			isa = PBXGroup;
			children = (
				F427EB6A1E958CAD0014E3C5 /* Store+CoreDataProperties.swift */,
				F427EB6C1E958CAD0014E3C5 /* Item+CoreDataProperties.swift */,
				F427EB6E1E958CAD0014E3C5 /* Image+CoreDataProperties.swift */,
				F427EB701E958CAD0014E3C5 /* ItemType+CoreDataProperties.swift */,
			);
			name = Generated_dontTouch;
			sourceTree = "<group>";
		};
		F47C300C1E96B02900E6D7D2 /* View */ = {
			isa = PBXGroup;
			children = (
				F47C300D1E96B05F00E6D7D2 /* MaterialView.swift */,
				F47C300F1E96B83600E6D7D2 /* ItemCell.swift */,
				F4A0DF581E98164B00B32BEF /* CustomTextField.swift */,
			);
			name = View;
			sourceTree = "<group>";
		};
		F4A0DF551E98116200B32BEF /* Controller */ = {
			isa = PBXGroup;
			children = (
				F427EB271E9569CF0014E3C5 /* MainViewController.swift */,
				F4A0DF561E98119400B32BEF /* ItemDetailsViewController.swift */,
			);
			name = Controller;
			sourceTree = "<group>";
		};
/* End PBXGroup section */

/* Begin PBXNativeTarget section */
		F427EB211E9569CF0014E3C5 /* DreamLister */ = {
			isa = PBXNativeTarget;
			buildConfigurationList = F427EB4D1E9569CF0014E3C5 /* Build configuration list for PBXNativeTarget "DreamLister" */;
			buildPhases = (
				F427EB1E1E9569CF0014E3C5 /* Sources */,
				F427EB1F1E9569CF0014E3C5 /* Frameworks */,
				F427EB201E9569CF0014E3C5 /* Resources */,
			);
			buildRules = (
			);
			dependencies = (
			);
			name = DreamLister;
			productName = DreamLister;
			productReference = F427EB221E9569CF0014E3C5 /* DreamLister.app */;
			productType = "com.apple.product-type.application";
		};
		F427EB381E9569CF0014E3C5 /* DreamListerTests */ = {
			isa = PBXNativeTarget;
			buildConfigurationList = F427EB501E9569CF0014E3C5 /* Build configuration list for PBXNativeTarget "DreamListerTests" */;
			buildPhases = (
				F427EB351E9569CF0014E3C5 /* Sources */,
				F427EB361E9569CF0014E3C5 /* Frameworks */,
				F427EB371E9569CF0014E3C5 /* Resources */,
			);
			buildRules = (
			);
			dependencies = (
				F427EB3B1E9569CF0014E3C5 /* PBXTargetDependency */,
			);
			name = DreamListerTests;
			productName = DreamListerTests;
			productReference = F427EB391E9569CF0014E3C5 /* DreamListerTests.xctest */;
			productType = "com.apple.product-type.bundle.unit-test";
		};
		F427EB431E9569CF0014E3C5 /* DreamListerUITests */ = {
			isa = PBXNativeTarget;
			buildConfigurationList = F427EB531E9569CF0014E3C5 /* Build configuration list for PBXNativeTarget "DreamListerUITests" */;
			buildPhases = (
				F427EB401E9569CF0014E3C5 /* Sources */,
				F427EB411E9569CF0014E3C5 /* Frameworks */,
				F427EB421E9569CF0014E3C5 /* Resources */,
			);
			buildRules = (
			);
			dependencies = (
				F427EB461E9569CF0014E3C5 /* PBXTargetDependency */,
			);
			name = DreamListerUITests;
			productName = DreamListerUITests;
			productReference = F427EB441E9569CF0014E3C5 /* DreamListerUITests.xctest */;
			productType = "com.apple.product-type.bundle.ui-testing";
		};
/* End PBXNativeTarget section */

/* Begin PBXProject section */
		F427EB1A1E9569CF0014E3C5 /* Project object */ = {
			isa = PBXProject;
			attributes = {
				LastSwiftUpdateCheck = 0820;
				LastUpgradeCheck = 0820;
				ORGANIZATIONNAME = "Bryan Fein";
				TargetAttributes = {
					F427EB211E9569CF0014E3C5 = {
						CreatedOnToolsVersion = 8.2.1;
						ProvisioningStyle = Automatic;
					};
					F427EB381E9569CF0014E3C5 = {
						CreatedOnToolsVersion = 8.2.1;
						ProvisioningStyle = Automatic;
						TestTargetID = F427EB211E9569CF0014E3C5;
					};
					F427EB431E9569CF0014E3C5 = {
						CreatedOnToolsVersion = 8.2.1;
						ProvisioningStyle = Automatic;
						TestTargetID = F427EB211E9569CF0014E3C5;
					};
				};
			};
			buildConfigurationList = F427EB1D1E9569CF0014E3C5 /* Build configuration list for PBXProject "DreamLister" */;
			compatibilityVersion = "Xcode 3.2";
			developmentRegion = English;
			hasScannedForEncodings = 0;
			knownRegions = (
				en,
				Base,
			);
			mainGroup = F427EB191E9569CF0014E3C5;
			productRefGroup = F427EB231E9569CF0014E3C5 /* Products */;
			projectDirPath = "";
			projectRoot = "";
			targets = (
				F427EB211E9569CF0014E3C5 /* DreamLister */,
				F427EB381E9569CF0014E3C5 /* DreamListerTests */,
				F427EB431E9569CF0014E3C5 /* DreamListerUITests */,
			);
		};
/* End PBXProject section */

/* Begin PBXResourcesBuildPhase section */
		F427EB201E9569CF0014E3C5 /* Resources */ = {
			isa = PBXResourcesBuildPhase;
			buildActionMask = 2147483647;
			files = (
				F427EB331E9569CF0014E3C5 /* LaunchScreen.storyboard in Resources */,
				F427EB301E9569CF0014E3C5 /* Assets.xcassets in Resources */,
				F427EB2B1E9569CF0014E3C5 /* Main.storyboard in Resources */,
			);
			runOnlyForDeploymentPostprocessing = 0;
		};
		F427EB371E9569CF0014E3C5 /* Resources */ = {
			isa = PBXResourcesBuildPhase;
			buildActionMask = 2147483647;
			files = (
			);
			runOnlyForDeploymentPostprocessing = 0;
		};
		F427EB421E9569CF0014E3C5 /* Resources */ = {
			isa = PBXResourcesBuildPhase;
			buildActionMask = 2147483647;
			files = (
			);
			runOnlyForDeploymentPostprocessing = 0;
		};
/* End PBXResourcesBuildPhase section */

/* Begin PBXSourcesBuildPhase section */
		F427EB1E1E9569CF0014E3C5 /* Sources */ = {
			isa = PBXSourcesBuildPhase;
			buildActionMask = 2147483647;
			files = (
				F47C30101E96B83600E6D7D2 /* ItemCell.swift in Sources */,
				F427EB761E958CAD0014E3C5 /* Image+CoreDataProperties.swift in Sources */,
				F427EB741E958CAD0014E3C5 /* Item+CoreDataProperties.swift in Sources */,
				F427EB771E958CAD0014E3C5 /* ItemType+CoreDataClass.swift in Sources */,
				F47C300E1E96B05F00E6D7D2 /* MaterialView.swift in Sources */,
				F427EB731E958CAD0014E3C5 /* Item+CoreDataClass.swift in Sources */,
				F427EB721E958CAD0014E3C5 /* Store+CoreDataProperties.swift in Sources */,
				F427EB751E958CAD0014E3C5 /* Image+CoreDataClass.swift in Sources */,
				F427EB281E9569CF0014E3C5 /* MainViewController.swift in Sources */,
				F427EB781E958CAD0014E3C5 /* ItemType+CoreDataProperties.swift in Sources */,
				F427EB711E958CAD0014E3C5 /* Store+CoreDataClass.swift in Sources */,
				F427EB261E9569CF0014E3C5 /* AppDelegate.swift in Sources */,
				F4A0DF571E98119400B32BEF /* ItemDetailsViewController.swift in Sources */,
				F427EB2E1E9569CF0014E3C5 /* DreamLister.xcdatamodeld in Sources */,
				F4A0DF591E98164B00B32BEF /* CustomTextField.swift in Sources */,
			);
			runOnlyForDeploymentPostprocessing = 0;
		};
		F427EB351E9569CF0014E3C5 /* Sources */ = {
			isa = PBXSourcesBuildPhase;
			buildActionMask = 2147483647;
			files = (
				F427EB3E1E9569CF0014E3C5 /* DreamListerTests.swift in Sources */,
			);
			runOnlyForDeploymentPostprocessing = 0;
		};
		F427EB401E9569CF0014E3C5 /* Sources */ = {
			isa = PBXSourcesBuildPhase;
			buildActionMask = 2147483647;
			files = (
				F427EB491E9569CF0014E3C5 /* DreamListerUITests.swift in Sources */,
			);
			runOnlyForDeploymentPostprocessing = 0;
		};
/* End PBXSourcesBuildPhase section */

/* Begin PBXTargetDependency section */
		F427EB3B1E9569CF0014E3C5 /* PBXTargetDependency */ = {
			isa = PBXTargetDependency;
			target = F427EB211E9569CF0014E3C5 /* DreamLister */;
			targetProxy = F427EB3A1E9569CF0014E3C5 /* PBXContainerItemProxy */;
		};
		F427EB461E9569CF0014E3C5 /* PBXTargetDependency */ = {
			isa = PBXTargetDependency;
			target = F427EB211E9569CF0014E3C5 /* DreamLister */;
			targetProxy = F427EB451E9569CF0014E3C5 /* PBXContainerItemProxy */;
		};
/* End PBXTargetDependency section */

/* Begin PBXVariantGroup section */
		F427EB291E9569CF0014E3C5 /* Main.storyboard */ = {
			isa = PBXVariantGroup;
			children = (
				F427EB2A1E9569CF0014E3C5 /* Base */,
			);
			name = Main.storyboard;
			sourceTree = "<group>";
		};
		F427EB311E9569CF0014E3C5 /* LaunchScreen.storyboard */ = {
			isa = PBXVariantGroup;
			children = (
				F427EB321E9569CF0014E3C5 /* Base */,
			);
			name = LaunchScreen.storyboard;
			sourceTree = "<group>";
		};
/* End PBXVariantGroup section */

/* Begin XCBuildConfiguration section */
		F427EB4B1E9569CF0014E3C5 /* Debug */ = {
			isa = XCBuildConfiguration;
			buildSettings = {
				ALWAYS_SEARCH_USER_PATHS = NO;
				CLANG_ANALYZER_NONNULL = YES;
				CLANG_CXX_LANGUAGE_STANDARD = "gnu++0x";
				CLANG_CXX_LIBRARY = "libc++";
				CLANG_ENABLE_MODULES = YES;
				CLANG_ENABLE_OBJC_ARC = YES;
				CLANG_WARN_BOOL_CONVERSION = YES;
				CLANG_WARN_CONSTANT_CONVERSION = YES;
				CLANG_WARN_DIRECT_OBJC_ISA_USAGE = YES_ERROR;
				CLANG_WARN_DOCUMENTATION_COMMENTS = YES;
				CLANG_WARN_EMPTY_BODY = YES;
				CLANG_WARN_ENUM_CONVERSION = YES;
				CLANG_WARN_INFINITE_RECURSION = YES;
				CLANG_WARN_INT_CONVERSION = YES;
				CLANG_WARN_OBJC_ROOT_CLASS = YES_ERROR;
				CLANG_WARN_SUSPICIOUS_MOVE = YES;
				CLANG_WARN_UNREACHABLE_CODE = YES;
				CLANG_WARN__DUPLICATE_METHOD_MATCH = YES;
				"CODE_SIGN_IDENTITY[sdk=iphoneos*]" = "iPhone Developer";
				COPY_PHASE_STRIP = NO;
				DEBUG_INFORMATION_FORMAT = dwarf;
				ENABLE_STRICT_OBJC_MSGSEND = YES;
				ENABLE_TESTABILITY = YES;
				GCC_C_LANGUAGE_STANDARD = gnu99;
				GCC_DYNAMIC_NO_PIC = NO;
				GCC_NO_COMMON_BLOCKS = YES;
				GCC_OPTIMIZATION_LEVEL = 0;
				GCC_PREPROCESSOR_DEFINITIONS = (
					"DEBUG=1",
					"$(inherited)",
				);
				GCC_WARN_64_TO_32_BIT_CONVERSION = YES;
				GCC_WARN_ABOUT_RETURN_TYPE = YES_ERROR;
				GCC_WARN_UNDECLARED_SELECTOR = YES;
				GCC_WARN_UNINITIALIZED_AUTOS = YES_AGGRESSIVE;
				GCC_WARN_UNUSED_FUNCTION = YES;
				GCC_WARN_UNUSED_VARIABLE = YES;
				IPHONEOS_DEPLOYMENT_TARGET = 10.2;
				MTL_ENABLE_DEBUG_INFO = YES;
				ONLY_ACTIVE_ARCH = YES;
				SDKROOT = iphoneos;
				SWIFT_ACTIVE_COMPILATION_CONDITIONS = DEBUG;
				SWIFT_OPTIMIZATION_LEVEL = "-Onone";
				TARGETED_DEVICE_FAMILY = "1,2";
			};
			name = Debug;
		};
		F427EB4C1E9569CF0014E3C5 /* Release */ = {
			isa = XCBuildConfiguration;
			buildSettings = {
				ALWAYS_SEARCH_USER_PATHS = NO;
				CLANG_ANALYZER_NONNULL = YES;
				CLANG_CXX_LANGUAGE_STANDARD = "gnu++0x";
				CLANG_CXX_LIBRARY = "libc++";
				CLANG_ENABLE_MODULES = YES;
				CLANG_ENABLE_OBJC_ARC = YES;
				CLANG_WARN_BOOL_CONVERSION = YES;
				CLANG_WARN_CONSTANT_CONVERSION = YES;
				CLANG_WARN_DIRECT_OBJC_ISA_USAGE = YES_ERROR;
				CLANG_WARN_DOCUMENTATION_COMMENTS = YES;
				CLANG_WARN_EMPTY_BODY = YES;
				CLANG_WARN_ENUM_CONVERSION = YES;
				CLANG_WARN_INFINITE_RECURSION = YES;
				CLANG_WARN_INT_CONVERSION = YES;
				CLANG_WARN_OBJC_ROOT_CLASS = YES_ERROR;
				CLANG_WARN_SUSPICIOUS_MOVE = YES;
				CLANG_WARN_UNREACHABLE_CODE = YES;
				CLANG_WARN__DUPLICATE_METHOD_MATCH = YES;
				"CODE_SIGN_IDENTITY[sdk=iphoneos*]" = "iPhone Developer";
				COPY_PHASE_STRIP = NO;
				DEBUG_INFORMATION_FORMAT = "dwarf-with-dsym";
				ENABLE_NS_ASSERTIONS = NO;
				ENABLE_STRICT_OBJC_MSGSEND = YES;
				GCC_C_LANGUAGE_STANDARD = gnu99;
				GCC_NO_COMMON_BLOCKS = YES;
				GCC_WARN_64_TO_32_BIT_CONVERSION = YES;
				GCC_WARN_ABOUT_RETURN_TYPE = YES_ERROR;
				GCC_WARN_UNDECLARED_SELECTOR = YES;
				GCC_WARN_UNINITIALIZED_AUTOS = YES_AGGRESSIVE;
				GCC_WARN_UNUSED_FUNCTION = YES;
				GCC_WARN_UNUSED_VARIABLE = YES;
				IPHONEOS_DEPLOYMENT_TARGET = 10.2;
				MTL_ENABLE_DEBUG_INFO = NO;
				SDKROOT = iphoneos;
				SWIFT_OPTIMIZATION_LEVEL = "-Owholemodule";
				TARGETED_DEVICE_FAMILY = "1,2";
				VALIDATE_PRODUCT = YES;
			};
			name = Release;
		};
		F427EB4E1E9569CF0014E3C5 /* Debug */ = {
			isa = XCBuildConfiguration;
			buildSettings = {
				ASSETCATALOG_COMPILER_APPICON_NAME = AppIcon;
				INFOPLIST_FILE = DreamLister/Info.plist;
				LD_RUNPATH_SEARCH_PATHS = "$(inherited) @executable_path/Frameworks";
				PRODUCT_BUNDLE_IDENTIFIER = "Bryan-Fein.DreamLister";
				PRODUCT_NAME = "$(TARGET_NAME)";
				SWIFT_VERSION = 3.0;
			};
			name = Debug;
		};
		F427EB4F1E9569CF0014E3C5 /* Release */ = {
			isa = XCBuildConfiguration;
			buildSettings = {
				ASSETCATALOG_COMPILER_APPICON_NAME = AppIcon;
				INFOPLIST_FILE = DreamLister/Info.plist;
				LD_RUNPATH_SEARCH_PATHS = "$(inherited) @executable_path/Frameworks";
				PRODUCT_BUNDLE_IDENTIFIER = "Bryan-Fein.DreamLister";
				PRODUCT_NAME = "$(TARGET_NAME)";
				SWIFT_VERSION = 3.0;
			};
			name = Release;
		};
		F427EB511E9569CF0014E3C5 /* Debug */ = {
			isa = XCBuildConfiguration;
			buildSettings = {
				ALWAYS_EMBED_SWIFT_STANDARD_LIBRARIES = YES;
				BUNDLE_LOADER = "$(TEST_HOST)";
				INFOPLIST_FILE = DreamListerTests/Info.plist;
				LD_RUNPATH_SEARCH_PATHS = "$(inherited) @executable_path/Frameworks @loader_path/Frameworks";
				PRODUCT_BUNDLE_IDENTIFIER = "Bryan-Fein.DreamListerTests";
				PRODUCT_NAME = "$(TARGET_NAME)";
				SWIFT_VERSION = 3.0;
				TEST_HOST = "$(BUILT_PRODUCTS_DIR)/DreamLister.app/DreamLister";
			};
			name = Debug;
		};
		F427EB521E9569CF0014E3C5 /* Release */ = {
			isa = XCBuildConfiguration;
			buildSettings = {
				ALWAYS_EMBED_SWIFT_STANDARD_LIBRARIES = YES;
				BUNDLE_LOADER = "$(TEST_HOST)";
				INFOPLIST_FILE = DreamListerTests/Info.plist;
				LD_RUNPATH_SEARCH_PATHS = "$(inherited) @executable_path/Frameworks @loader_path/Frameworks";
				PRODUCT_BUNDLE_IDENTIFIER = "Bryan-Fein.DreamListerTests";
				PRODUCT_NAME = "$(TARGET_NAME)";
				SWIFT_VERSION = 3.0;
				TEST_HOST = "$(BUILT_PRODUCTS_DIR)/DreamLister.app/DreamLister";
			};
			name = Release;
		};
		F427EB541E9569CF0014E3C5 /* Debug */ = {
			isa = XCBuildConfiguration;
			buildSettings = {
				ALWAYS_EMBED_SWIFT_STANDARD_LIBRARIES = YES;
				INFOPLIST_FILE = DreamListerUITests/Info.plist;
				LD_RUNPATH_SEARCH_PATHS = "$(inherited) @executable_path/Frameworks @loader_path/Frameworks";
				PRODUCT_BUNDLE_IDENTIFIER = "Bryan-Fein.DreamListerUITests";
				PRODUCT_NAME = "$(TARGET_NAME)";
				SWIFT_VERSION = 3.0;
				TEST_TARGET_NAME = DreamLister;
			};
			name = Debug;
		};
		F427EB551E9569CF0014E3C5 /* Release */ = {
			isa = XCBuildConfiguration;
			buildSettings = {
				ALWAYS_EMBED_SWIFT_STANDARD_LIBRARIES = YES;
				INFOPLIST_FILE = DreamListerUITests/Info.plist;
				LD_RUNPATH_SEARCH_PATHS = "$(inherited) @executable_path/Frameworks @loader_path/Frameworks";
				PRODUCT_BUNDLE_IDENTIFIER = "Bryan-Fein.DreamListerUITests";
				PRODUCT_NAME = "$(TARGET_NAME)";
				SWIFT_VERSION = 3.0;
				TEST_TARGET_NAME = DreamLister;
			};
			name = Release;
		};
/* End XCBuildConfiguration section */

/* Begin XCConfigurationList section */
		F427EB1D1E9569CF0014E3C5 /* Build configuration list for PBXProject "DreamLister" */ = {
			isa = XCConfigurationList;
			buildConfigurations = (
				F427EB4B1E9569CF0014E3C5 /* Debug */,
				F427EB4C1E9569CF0014E3C5 /* Release */,
			);
			defaultConfigurationIsVisible = 0;
			defaultConfigurationName = Release;
		};
		F427EB4D1E9569CF0014E3C5 /* Build configuration list for PBXNativeTarget "DreamLister" */ = {
			isa = XCConfigurationList;
			buildConfigurations = (
				F427EB4E1E9569CF0014E3C5 /* Debug */,
				F427EB4F1E9569CF0014E3C5 /* Release */,
			);
			defaultConfigurationIsVisible = 0;
			defaultConfigurationName = Release;
		};
		F427EB501E9569CF0014E3C5 /* Build configuration list for PBXNativeTarget "DreamListerTests" */ = {
			isa = XCConfigurationList;
			buildConfigurations = (
				F427EB511E9569CF0014E3C5 /* Debug */,
				F427EB521E9569CF0014E3C5 /* Release */,
			);
			defaultConfigurationIsVisible = 0;
			defaultConfigurationName = Release;
		};
		F427EB531E9569CF0014E3C5 /* Build configuration list for PBXNativeTarget "DreamListerUITests" */ = {
			isa = XCConfigurationList;
			buildConfigurations = (
				F427EB541E9569CF0014E3C5 /* Debug */,
				F427EB551E9569CF0014E3C5 /* Release */,
			);
			defaultConfigurationIsVisible = 0;
			defaultConfigurationName = Release;
		};
/* End XCConfigurationList section */

/* Begin XCVersionGroup section */
		F427EB2C1E9569CF0014E3C5 /* DreamLister.xcdatamodeld */ = {
			isa = XCVersionGroup;
			children = (
				F427EB2D1E9569CF0014E3C5 /* DreamLister.xcdatamodel */,
			);
			currentVersion = F427EB2D1E9569CF0014E3C5 /* DreamLister.xcdatamodel */;
			path = DreamLister.xcdatamodeld;
			sourceTree = "<group>";
			versionGroupType = wrapper.xcdatamodel;
		};
/* End XCVersionGroup section */
	};
	rootObject = F427EB1A1E9569CF0014E3C5 /* Project object */;
}
